
Microsoft Visual Studio Solution File, Format Version 12.00
# Visual Studio Version 17
VisualStudioVersion = 17.10.35013.160
MinimumVisualStudioVersion = 10.0.40219.1
Project("{FAE04EC0-301F-11D3-BF4B-00C04F79EFBC}") = "AdminAuth", "AdminAuth\AdminAuth.csproj", "{C1E1D579-46D9-43B4-B363-0D2B3F8ACF8D}"
EndProject
Project("{FAE04EC0-301F-11D3-BF4B-00C04F79EFBC}") = "Admin.Core", "Admin.Core\Admin.Core.csproj", "{E6F89F78-4C8C-4E1A-8EAD-9A9BF11BEAAF}"
EndProject
Project("{FAE04EC0-301F-11D3-BF4B-00C04F79EFBC}") = "Admin.Resources", "Admin.Resources\Admin.Resources.csproj", "{1F0FB775-2B65-499D-B380-CE74C591CE66}"
EndProject
Project("{FAE04EC0-301F-11D3-BF4B-00C04F79EFBC}") = "Admin.Services", "Admin.Services\Admin.Services.csproj", "{0B559F98-0A0C-424F-85C0-15B1B624886C}"
EndProject
Project("{2150E333-8FDC-42A3-9474-1A3956D46DE8}") = "Class Libraries", "Class Libraries", "{09F7245C-7C1A-4903-8C30-639B562B1EAD}"
EndProject
Global
	GlobalSection(SolutionConfigurationPlatforms) = preSolution
		Debug|Any CPU = Debug|Any CPU
		Release|Any CPU = Release|Any CPU
	EndGlobalSection
	GlobalSection(ProjectConfigurationPlatforms) = postSolution
		{C1E1D579-46D9-43B4-B363-0D2B3F8ACF8D}.Debug|Any CPU.ActiveCfg = Debug|Any CPU
		{C1E1D579-46D9-43B4-B363-0D2B3F8ACF8D}.Debug|Any CPU.Build.0 = Debug|Any CPU
		{C1E1D579-46D9-43B4-B363-0D2B3F8ACF8D}.Release|Any CPU.ActiveCfg = Release|Any CPU
		{C1E1D579-46D9-43B4-B363-0D2B3F8ACF8D}.Release|Any CPU.Build.0 = Release|Any CPU
		{E6F89F78-4C8C-4E1A-8EAD-9A9BF11BEAAF}.Debug|Any CPU.ActiveCfg = Debug|Any CPU
		{E6F89F78-4C8C-4E1A-8EAD-9A9BF11BEAAF}.Debug|Any CPU.Build.0 = Debug|Any CPU
		{E6F89F78-4C8C-4E1A-8EAD-9A9BF11BEAAF}.Release|Any CPU.ActiveCfg = Release|Any CPU
		{E6F89F78-4C8C-4E1A-8EAD-9A9BF11BEAAF}.Release|Any CPU.Build.0 = Release|Any CPU
		{1F0FB775-2B65-499D-B380-CE74C591CE66}.Debug|Any CPU.ActiveCfg = Debug|Any CPU
		{1F0FB775-2B65-499D-B380-CE74C591CE66}.Debug|Any CPU.Build.0 = Debug|Any CPU
		{1F0FB775-2B65-499D-B380-CE74C591CE66}.Release|Any CPU.ActiveCfg = Release|Any CPU
		{1F0FB775-2B65-499D-B380-CE74C591CE66}.Release|Any CPU.Build.0 = Release|Any CPU
		{0B559F98-0A0C-424F-85C0-15B1B624886C}.Debug|Any CPU.ActiveCfg = Debug|Any CPU
		{0B559F98-0A0C-424F-85C0-15B1B624886C}.Debug|Any CPU.Build.0 = Debug|Any CPU
		{0B559F98-0A0C-424F-85C0-15B1B624886C}.Release|Any CPU.ActiveCfg = Release|Any CPU
		{0B559F98-0A0C-424F-85C0-15B1B624886C}.Release|Any CPU.Build.0 = Release|Any CPU
	EndGlobalSection
	GlobalSection(SolutionProperties) = preSolution
		HideSolutionNode = FALSE
	EndGlobalSection
	GlobalSection(NestedProjects) = preSolution
		{E6F89F78-4C8C-4E1A-8EAD-9A9BF11BEAAF} = {09F7245C-7C1A-4903-8C30-639B562B1EAD}
		{1F0FB775-2B65-499D-B380-CE74C591CE66} = {09F7245C-7C1A-4903-8C30-639B562B1EAD}
		{0B559F98-0A0C-424F-85C0-15B1B624886C} = {09F7245C-7C1A-4903-8C30-639B562B1EAD}
	EndGlobalSection
	GlobalSection(ExtensibilityGlobals) = postSolution
		SolutionGuid = {F2898460-8352-4EAF-8D06-25C2A44ACD80}
	EndGlobalSection
EndGlobal
